
Microsoft Visual Studio Solution File, Format Version 12.00
# Visual Studio Version 16
VisualStudioVersion = 16.0.30114.105
MinimumVisualStudioVersion = 10.0.40219.1
Project("{2150E333-8FDC-42A3-9474-1A3956D46DE8}") = "test", "test", "{B5711119-E9FE-4BDF-AEDB-545FDFC12287}"
EndProject
Project("{FAE04EC0-301F-11D3-BF4B-00C04F79EFBC}") = "FloatingPointConverter.Tests", "test\FloatingPointConverter.Tests\FloatingPointConverter.Tests.csproj", "{A89FC979-7BC1-4E21-BC23-AC7D6B35B457}"
EndProject
Project("{2150E333-8FDC-42A3-9474-1A3956D46DE8}") = "lib", "lib", "{33613A0E-8497-4059-90ED-44F1AA365AC8}"
EndProject
Project("{FAE04EC0-301F-11D3-BF4B-00C04F79EFBC}") = "FloatingPointConverter", "lib\FloatingPointConverter\FloatingPointConverter.csproj", "{80C6065A-760E-425D-AA33-2EF466773D27}"
EndProject
Global
	GlobalSection(SolutionConfigurationPlatforms) = preSolution
		Debug|Any CPU = Debug|Any CPU
		Release|Any CPU = Release|Any CPU
	EndGlobalSection
	GlobalSection(SolutionProperties) = preSolution
		HideSolutionNode = FALSE
	EndGlobalSection
	GlobalSection(ProjectConfigurationPlatforms) = postSolution
		{A89FC979-7BC1-4E21-BC23-AC7D6B35B457}.Debug|Any CPU.ActiveCfg = Debug|Any CPU
		{A89FC979-7BC1-4E21-BC23-AC7D6B35B457}.Debug|Any CPU.Build.0 = Debug|Any CPU
		{A89FC979-7BC1-4E21-BC23-AC7D6B35B457}.Release|Any CPU.ActiveCfg = Release|Any CPU
		{A89FC979-7BC1-4E21-BC23-AC7D6B35B457}.Release|Any CPU.Build.0 = Release|Any CPU
		{80C6065A-760E-425D-AA33-2EF466773D27}.Debug|Any CPU.ActiveCfg = Debug|Any CPU
		{80C6065A-760E-425D-AA33-2EF466773D27}.Debug|Any CPU.Build.0 = Debug|Any CPU
		{80C6065A-760E-425D-AA33-2EF466773D27}.Release|Any CPU.ActiveCfg = Release|Any CPU
		{80C6065A-760E-425D-AA33-2EF466773D27}.Release|Any CPU.Build.0 = Release|Any CPU
	EndGlobalSection
	GlobalSection(NestedProjects) = preSolution
		{A89FC979-7BC1-4E21-BC23-AC7D6B35B457} = {B5711119-E9FE-4BDF-AEDB-545FDFC12287}
		{80C6065A-760E-425D-AA33-2EF466773D27} = {33613A0E-8497-4059-90ED-44F1AA365AC8}
	EndGlobalSection
EndGlobal
